
Microsoft Visual Studio Solution File, Format Version 12.00
# Visual Studio Version 17
VisualStudioVersion = 17.4.33110.190
MinimumVisualStudioVersion = 10.0.40219.1
Project("{9A19103F-16F7-4668-BE54-9A1E7A4F7556}") = "Phone_Book_Dotnet_Angular", "Phone_Book_Dotnet_Angular\Phone_Book_Dotnet_Angular.csproj", "{95FD7046-0689-4870-888D-B32FD0E463FE}"
EndProject
Global
	GlobalSection(SolutionConfigurationPlatforms) = preSolution
		Debug|Any CPU = Debug|Any CPU
		Release|Any CPU = Release|Any CPU
	EndGlobalSection
	GlobalSection(ProjectConfigurationPlatforms) = postSolution
		{95FD7046-0689-4870-888D-B32FD0E463FE}.Debug|Any CPU.ActiveCfg = Debug|Any CPU
		{95FD7046-0689-4870-888D-B32FD0E463FE}.Debug|Any CPU.Build.0 = Debug|Any CPU
		{95FD7046-0689-4870-888D-B32FD0E463FE}.Release|Any CPU.ActiveCfg = Release|Any CPU
		{95FD7046-0689-4870-888D-B32FD0E463FE}.Release|Any CPU.Build.0 = Release|Any CPU
	EndGlobalSection
	GlobalSection(SolutionProperties) = preSolution
		HideSolutionNode = FALSE
	EndGlobalSection
	GlobalSection(ExtensibilityGlobals) = postSolution
		SolutionGuid = {98CB8AA4-8ACD-4602-AA33-06229E1EAF7B}
	EndGlobalSection
EndGlobal
